
Microsoft Visual Studio Solution File, Format Version 12.00
# Visual Studio Version 17
VisualStudioVersion = 17.13.35825.156 d17.13
MinimumVisualStudioVersion = 10.0.40219.1
Project("{FAE04EC0-301F-11D3-BF4B-00C04F79EFBC}") = "Questao 1", "Questao 1\Questao 1.csproj", "{6FAFEB8F-CFD8-40B4-8552-ABAC46F1E98D}"
EndProject
Global
	GlobalSection(SolutionConfigurationPlatforms) = preSolution
		Debug|Any CPU = Debug|Any CPU
		Release|Any CPU = Release|Any CPU
	EndGlobalSection
	GlobalSection(ProjectConfigurationPlatforms) = postSolution
		{6FAFEB8F-CFD8-40B4-8552-ABAC46F1E98D}.Debug|Any CPU.ActiveCfg = Debug|Any CPU
		{6FAFEB8F-CFD8-40B4-8552-ABAC46F1E98D}.Debug|Any CPU.Build.0 = Debug|Any CPU
		{6FAFEB8F-CFD8-40B4-8552-ABAC46F1E98D}.Release|Any CPU.ActiveCfg = Release|Any CPU
		{6FAFEB8F-CFD8-40B4-8552-ABAC46F1E98D}.Release|Any CPU.Build.0 = Release|Any CPU
	EndGlobalSection
	GlobalSection(SolutionProperties) = preSolution
		HideSolutionNode = FALSE
	EndGlobalSection
	GlobalSection(ExtensibilityGlobals) = postSolution
		SolutionGuid = {D813CBEC-3B48-4F0F-8FAD-FC68060FE6AD}
	EndGlobalSection
EndGlobal
